// !$*UTF8*$!
{
	archiveVersion = 1;
	classes = {
	};
	objectVersion = 46;
	objects = {

/* Begin PBXBuildFile section */
		607ACD1134A2A5F82BCDF64B /* Pods_Lottery.framework in Frameworks */ = {isa = PBXBuildFile; fileRef = 35339C2C9E8B052FCD31B39C /* Pods_Lottery.framework */; };
		D00A2A141D7B773E00C1E1C0 /* AppDelegate.swift in Sources */ = {isa = PBXBuildFile; fileRef = D00A2A131D7B773E00C1E1C0 /* AppDelegate.swift */; };
		D00A2A161D7B773E00C1E1C0 /* ViewController.swift in Sources */ = {isa = PBXBuildFile; fileRef = D00A2A151D7B773E00C1E1C0 /* ViewController.swift */; };
		D00A2A191D7B773E00C1E1C0 /* Main.storyboard in Resources */ = {isa = PBXBuildFile; fileRef = D00A2A171D7B773E00C1E1C0 /* Main.storyboard */; };
		D00A2A1C1D7B773E00C1E1C0 /* Lottery.xcdatamodeld in Sources */ = {isa = PBXBuildFile; fileRef = D00A2A1A1D7B773E00C1E1C0 /* Lottery.xcdatamodeld */; };
		D00A2A1E1D7B773E00C1E1C0 /* Assets.xcassets in Resources */ = {isa = PBXBuildFile; fileRef = D00A2A1D1D7B773E00C1E1C0 /* Assets.xcassets */; };
		D00A2A211D7B773E00C1E1C0 /* LaunchScreen.storyboard in Resources */ = {isa = PBXBuildFile; fileRef = D00A2A1F1D7B773E00C1E1C0 /* LaunchScreen.storyboard */; };
		D00A2A2C1D7B773E00C1E1C0 /* LotteryTests.swift in Sources */ = {isa = PBXBuildFile; fileRef = D00A2A2B1D7B773E00C1E1C0 /* LotteryTests.swift */; };
		D00A2A371D7B773E00C1E1C0 /* LotteryUITests.swift in Sources */ = {isa = PBXBuildFile; fileRef = D00A2A361D7B773E00C1E1C0 /* LotteryUITests.swift */; };
		D00A2A471D7E667000C1E1C0 /* GameTableViewCell.swift in Sources */ = {isa = PBXBuildFile; fileRef = D00A2A461D7E667000C1E1C0 /* GameTableViewCell.swift */; };
		D00A2A491D7E696700C1E1C0 /* GameViewController.swift in Sources */ = {isa = PBXBuildFile; fileRef = D00A2A481D7E696700C1E1C0 /* GameViewController.swift */; };
		D05347641D98CE8900628586 /* NameTableViewCell.swift in Sources */ = {isa = PBXBuildFile; fileRef = D05347631D98CE8900628586 /* NameTableViewCell.swift */; };
		D05347661D98CFDF00628586 /* SettingsViewController.swift in Sources */ = {isa = PBXBuildFile; fileRef = D05347651D98CFDF00628586 /* SettingsViewController.swift */; };
		D05347681D98D24100628586 /* LocationTableViewCell.swift in Sources */ = {isa = PBXBuildFile; fileRef = D05347671D98D24100628586 /* LocationTableViewCell.swift */; };
		D053476A1D99828900628586 /* SharedServices.swift in Sources */ = {isa = PBXBuildFile; fileRef = D05347691D99828900628586 /* SharedServices.swift */; };
		D0A156EE1D87B962006031BC /* K.swift in Sources */ = {isa = PBXBuildFile; fileRef = D0A156ED1D87B962006031BC /* K.swift */; };
		D0E09D7D1D81A3CA00147A10 /* GoogleService-Info.plist in Resources */ = {isa = PBXBuildFile; fileRef = D0E09D7C1D81A3CA00147A10 /* GoogleService-Info.plist */; };
/* End PBXBuildFile section */

/* Begin PBXContainerItemProxy section */
		D00A2A281D7B773E00C1E1C0 /* PBXContainerItemProxy */ = {
			isa = PBXContainerItemProxy;
			containerPortal = D00A2A081D7B773E00C1E1C0 /* Project object */;
			proxyType = 1;
			remoteGlobalIDString = D00A2A0F1D7B773E00C1E1C0;
			remoteInfo = Lottery;
		};
		D00A2A331D7B773E00C1E1C0 /* PBXContainerItemProxy */ = {
			isa = PBXContainerItemProxy;
			containerPortal = D00A2A081D7B773E00C1E1C0 /* Project object */;
			proxyType = 1;
			remoteGlobalIDString = D00A2A0F1D7B773E00C1E1C0;
			remoteInfo = Lottery;
		};
/* End PBXContainerItemProxy section */

/* Begin PBXFileReference section */
		1A4F47069DEFA8B6B7C7586E /* Pods_LotteryUITests.framework */ = {isa = PBXFileReference; explicitFileType = wrapper.framework; includeInIndex = 0; path = Pods_LotteryUITests.framework; sourceTree = BUILT_PRODUCTS_DIR; };
		35339C2C9E8B052FCD31B39C /* Pods_Lottery.framework */ = {isa = PBXFileReference; explicitFileType = wrapper.framework; includeInIndex = 0; path = Pods_Lottery.framework; sourceTree = BUILT_PRODUCTS_DIR; };
		5B1744E8912AC7C3AC755332 /* Pods-Lottery.debug.xcconfig */ = {isa = PBXFileReference; includeInIndex = 1; lastKnownFileType = text.xcconfig; name = "Pods-Lottery.debug.xcconfig"; path = "Pods/Target Support Files/Pods-Lottery/Pods-Lottery.debug.xcconfig"; sourceTree = "<group>"; };
		ACA4E2FCD229DC8B255E2995 /* Pods_LotteryTests.framework */ = {isa = PBXFileReference; explicitFileType = wrapper.framework; includeInIndex = 0; path = Pods_LotteryTests.framework; sourceTree = BUILT_PRODUCTS_DIR; };
		D00A2A101D7B773E00C1E1C0 /* Lottery.app */ = {isa = PBXFileReference; explicitFileType = wrapper.application; includeInIndex = 0; path = Lottery.app; sourceTree = BUILT_PRODUCTS_DIR; };
		D00A2A131D7B773E00C1E1C0 /* AppDelegate.swift */ = {isa = PBXFileReference; lastKnownFileType = sourcecode.swift; path = AppDelegate.swift; sourceTree = "<group>"; };
		D00A2A151D7B773E00C1E1C0 /* ViewController.swift */ = {isa = PBXFileReference; lastKnownFileType = sourcecode.swift; path = ViewController.swift; sourceTree = "<group>"; };
		D00A2A181D7B773E00C1E1C0 /* Base */ = {isa = PBXFileReference; lastKnownFileType = file.storyboard; name = Base; path = Base.lproj/Main.storyboard; sourceTree = "<group>"; };
		D00A2A1B1D7B773E00C1E1C0 /* Lottery.xcdatamodel */ = {isa = PBXFileReference; lastKnownFileType = wrapper.xcdatamodel; path = Lottery.xcdatamodel; sourceTree = "<group>"; };
		D00A2A1D1D7B773E00C1E1C0 /* Assets.xcassets */ = {isa = PBXFileReference; lastKnownFileType = folder.assetcatalog; path = Assets.xcassets; sourceTree = "<group>"; };
		D00A2A201D7B773E00C1E1C0 /* Base */ = {isa = PBXFileReference; lastKnownFileType = file.storyboard; name = Base; path = Base.lproj/LaunchScreen.storyboard; sourceTree = "<group>"; };
		D00A2A221D7B773E00C1E1C0 /* Info.plist */ = {isa = PBXFileReference; lastKnownFileType = text.plist.xml; path = Info.plist; sourceTree = "<group>"; };
		D00A2A271D7B773E00C1E1C0 /* LotteryTests.xctest */ = {isa = PBXFileReference; explicitFileType = wrapper.cfbundle; includeInIndex = 0; path = LotteryTests.xctest; sourceTree = BUILT_PRODUCTS_DIR; };
		D00A2A2B1D7B773E00C1E1C0 /* LotteryTests.swift */ = {isa = PBXFileReference; lastKnownFileType = sourcecode.swift; path = LotteryTests.swift; sourceTree = "<group>"; };
		D00A2A2D1D7B773E00C1E1C0 /* Info.plist */ = {isa = PBXFileReference; lastKnownFileType = text.plist.xml; path = Info.plist; sourceTree = "<group>"; };
		D00A2A321D7B773E00C1E1C0 /* LotteryUITests.xctest */ = {isa = PBXFileReference; explicitFileType = wrapper.cfbundle; includeInIndex = 0; path = LotteryUITests.xctest; sourceTree = BUILT_PRODUCTS_DIR; };
		D00A2A361D7B773E00C1E1C0 /* LotteryUITests.swift */ = {isa = PBXFileReference; lastKnownFileType = sourcecode.swift; path = LotteryUITests.swift; sourceTree = "<group>"; };
		D00A2A381D7B773E00C1E1C0 /* Info.plist */ = {isa = PBXFileReference; lastKnownFileType = text.plist.xml; path = Info.plist; sourceTree = "<group>"; };
		D00A2A461D7E667000C1E1C0 /* GameTableViewCell.swift */ = {isa = PBXFileReference; fileEncoding = 4; lastKnownFileType = sourcecode.swift; name = GameTableViewCell.swift; path = ../GameTableViewCell.swift; sourceTree = "<group>"; };
		D00A2A481D7E696700C1E1C0 /* GameViewController.swift */ = {isa = PBXFileReference; fileEncoding = 4; lastKnownFileType = sourcecode.swift; path = GameViewController.swift; sourceTree = "<group>"; };
		D05347631D98CE8900628586 /* NameTableViewCell.swift */ = {isa = PBXFileReference; fileEncoding = 4; lastKnownFileType = sourcecode.swift; path = NameTableViewCell.swift; sourceTree = "<group>"; };
		D05347651D98CFDF00628586 /* SettingsViewController.swift */ = {isa = PBXFileReference; fileEncoding = 4; lastKnownFileType = sourcecode.swift; path = SettingsViewController.swift; sourceTree = "<group>"; };
		D05347671D98D24100628586 /* LocationTableViewCell.swift */ = {isa = PBXFileReference; fileEncoding = 4; lastKnownFileType = sourcecode.swift; path = LocationTableViewCell.swift; sourceTree = "<group>"; };
		D05347691D99828900628586 /* SharedServices.swift */ = {isa = PBXFileReference; fileEncoding = 4; lastKnownFileType = sourcecode.swift; path = SharedServices.swift; sourceTree = "<group>"; };
		D0A156ED1D87B962006031BC /* K.swift */ = {isa = PBXFileReference; fileEncoding = 4; lastKnownFileType = sourcecode.swift; path = K.swift; sourceTree = "<group>"; };
		D0E09D7C1D81A3CA00147A10 /* GoogleService-Info.plist */ = {isa = PBXFileReference; fileEncoding = 4; lastKnownFileType = text.plist.xml; name = "GoogleService-Info.plist"; path = "../GoogleService-Info.plist"; sourceTree = "<group>"; };
		D4EA2733F99C75E137F78336 /* Pods-Lottery.release.xcconfig */ = {isa = PBXFileReference; includeInIndex = 1; lastKnownFileType = text.xcconfig; name = "Pods-Lottery.release.xcconfig"; path = "Pods/Target Support Files/Pods-Lottery/Pods-Lottery.release.xcconfig"; sourceTree = "<group>"; };
/* End PBXFileReference section */

/* Begin PBXFrameworksBuildPhase section */
		D00A2A0D1D7B773E00C1E1C0 /* Frameworks */ = {
			isa = PBXFrameworksBuildPhase;
			buildActionMask = 2147483647;
			files = (
				607ACD1134A2A5F82BCDF64B /* Pods_Lottery.framework in Frameworks */,
			);
			runOnlyForDeploymentPostprocessing = 0;
		};
		D00A2A241D7B773E00C1E1C0 /* Frameworks */ = {
			isa = PBXFrameworksBuildPhase;
			buildActionMask = 2147483647;
			files = (
			);
			runOnlyForDeploymentPostprocessing = 0;
		};
		D00A2A2F1D7B773E00C1E1C0 /* Frameworks */ = {
			isa = PBXFrameworksBuildPhase;
			buildActionMask = 2147483647;
			files = (
			);
			runOnlyForDeploymentPostprocessing = 0;
		};
/* End PBXFrameworksBuildPhase section */

/* Begin PBXGroup section */
		3F4BD8CA4C614A1D19B291F9 /* Frameworks */ = {
			isa = PBXGroup;
			children = (
				35339C2C9E8B052FCD31B39C /* Pods_Lottery.framework */,
				ACA4E2FCD229DC8B255E2995 /* Pods_LotteryTests.framework */,
				1A4F47069DEFA8B6B7C7586E /* Pods_LotteryUITests.framework */,
			);
			name = Frameworks;
			sourceTree = "<group>";
		};
		D00A2A071D7B773E00C1E1C0 = {
			isa = PBXGroup;
			children = (
				D00A2A121D7B773E00C1E1C0 /* Lottery */,
				D0211BCC1D8092F100A88380 /* VCs */,
				D00A2A2A1D7B773E00C1E1C0 /* LotteryTests */,
				D00A2A351D7B773E00C1E1C0 /* LotteryUITests */,
				D00A2A111D7B773E00C1E1C0 /* Products */,
				E058550E5227BAC14FABF4E9 /* Pods */,
				3F4BD8CA4C614A1D19B291F9 /* Frameworks */,
			);
			sourceTree = "<group>";
		};
		D00A2A111D7B773E00C1E1C0 /* Products */ = {
			isa = PBXGroup;
			children = (
				D00A2A101D7B773E00C1E1C0 /* Lottery.app */,
				D00A2A271D7B773E00C1E1C0 /* LotteryTests.xctest */,
				D00A2A321D7B773E00C1E1C0 /* LotteryUITests.xctest */,
			);
			name = Products;
			sourceTree = "<group>";
		};
		D00A2A121D7B773E00C1E1C0 /* Lottery */ = {
			isa = PBXGroup;
			children = (
				D00A2A131D7B773E00C1E1C0 /* AppDelegate.swift */,
				D00A2A171D7B773E00C1E1C0 /* Main.storyboard */,
				D05347631D98CE8900628586 /* NameTableViewCell.swift */,
				D05347671D98D24100628586 /* LocationTableViewCell.swift */,
				D00A2A461D7E667000C1E1C0 /* GameTableViewCell.swift */,
				D00A2A1D1D7B773E00C1E1C0 /* Assets.xcassets */,
				D00A2A1F1D7B773E00C1E1C0 /* LaunchScreen.storyboard */,
				D00A2A221D7B773E00C1E1C0 /* Info.plist */,
				D0E09D7C1D81A3CA00147A10 /* GoogleService-Info.plist */,
				D00A2A1A1D7B773E00C1E1C0 /* Lottery.xcdatamodeld */,
			);
			path = Lottery;
			sourceTree = "<group>";
		};
		D00A2A2A1D7B773E00C1E1C0 /* LotteryTests */ = {
			isa = PBXGroup;
			children = (
				D00A2A2B1D7B773E00C1E1C0 /* LotteryTests.swift */,
				D00A2A2D1D7B773E00C1E1C0 /* Info.plist */,
			);
			path = LotteryTests;
			sourceTree = "<group>";
		};
		D00A2A351D7B773E00C1E1C0 /* LotteryUITests */ = {
			isa = PBXGroup;
			children = (
				D00A2A361D7B773E00C1E1C0 /* LotteryUITests.swift */,
				D00A2A381D7B773E00C1E1C0 /* Info.plist */,
			);
			path = LotteryUITests;
			sourceTree = "<group>";
		};
		D0211BCC1D8092F100A88380 /* VCs */ = {
			isa = PBXGroup;
			children = (
				D00A2A151D7B773E00C1E1C0 /* ViewController.swift */,
				D00A2A481D7E696700C1E1C0 /* GameViewController.swift */,
				D05347651D98CFDF00628586 /* SettingsViewController.swift */,
				D05347691D99828900628586 /* SharedServices.swift */,
				D0A156ED1D87B962006031BC /* K.swift */,
			);
			name = VCs;
			path = Lottery;
			sourceTree = "<group>";
		};
		E058550E5227BAC14FABF4E9 /* Pods */ = {
			isa = PBXGroup;
			children = (
				5B1744E8912AC7C3AC755332 /* Pods-Lottery.debug.xcconfig */,
				D4EA2733F99C75E137F78336 /* Pods-Lottery.release.xcconfig */,
			);
			name = Pods;
			sourceTree = "<group>";
		};
/* End PBXGroup section */

/* Begin PBXNativeTarget section */
		D00A2A0F1D7B773E00C1E1C0 /* Lottery */ = {
			isa = PBXNativeTarget;
			buildConfigurationList = D00A2A3B1D7B773E00C1E1C0 /* Build configuration list for PBXNativeTarget "Lottery" */;
			buildPhases = (
				71DB4176F0500977E4309983 /* 📦 Check Pods Manifest.lock */,
				D00A2A0C1D7B773E00C1E1C0 /* Sources */,
				D00A2A0D1D7B773E00C1E1C0 /* Frameworks */,
				D00A2A0E1D7B773E00C1E1C0 /* Resources */,
				8413C5260BA1C39AA69B241A /* 📦 Embed Pods Frameworks */,
				8F834F77508DCE9DA34DA0C6 /* 📦 Copy Pods Resources */,
			);
			buildRules = (
			);
			dependencies = (
			);
			name = Lottery;
			productName = Lottery;
			productReference = D00A2A101D7B773E00C1E1C0 /* Lottery.app */;
			productType = "com.apple.product-type.application";
		};
		D00A2A261D7B773E00C1E1C0 /* LotteryTests */ = {
			isa = PBXNativeTarget;
			buildConfigurationList = D00A2A3E1D7B773E00C1E1C0 /* Build configuration list for PBXNativeTarget "LotteryTests" */;
			buildPhases = (
				D00A2A231D7B773E00C1E1C0 /* Sources */,
				D00A2A241D7B773E00C1E1C0 /* Frameworks */,
				D00A2A251D7B773E00C1E1C0 /* Resources */,
			);
			buildRules = (
			);
			dependencies = (
				D00A2A291D7B773E00C1E1C0 /* PBXTargetDependency */,
			);
			name = LotteryTests;
			productName = LotteryTests;
			productReference = D00A2A271D7B773E00C1E1C0 /* LotteryTests.xctest */;
			productType = "com.apple.product-type.bundle.unit-test";
		};
		D00A2A311D7B773E00C1E1C0 /* LotteryUITests */ = {
			isa = PBXNativeTarget;
			buildConfigurationList = D00A2A411D7B773E00C1E1C0 /* Build configuration list for PBXNativeTarget "LotteryUITests" */;
			buildPhases = (
				D00A2A2E1D7B773E00C1E1C0 /* Sources */,
				D00A2A2F1D7B773E00C1E1C0 /* Frameworks */,
				D00A2A301D7B773E00C1E1C0 /* Resources */,
			);
			buildRules = (
			);
			dependencies = (
				D00A2A341D7B773E00C1E1C0 /* PBXTargetDependency */,
			);
			name = LotteryUITests;
			productName = LotteryUITests;
			productReference = D00A2A321D7B773E00C1E1C0 /* LotteryUITests.xctest */;
			productType = "com.apple.product-type.bundle.ui-testing";
		};
/* End PBXNativeTarget section */

/* Begin PBXProject section */
		D00A2A081D7B773E00C1E1C0 /* Project object */ = {
			isa = PBXProject;
			attributes = {
				LastSwiftUpdateCheck = 0730;
				LastUpgradeCheck = 0800;
				ORGANIZATIONNAME = "Peter Brooks";
				TargetAttributes = {
					D00A2A0F1D7B773E00C1E1C0 = {
						CreatedOnToolsVersion = 7.3.1;
						LastSwiftMigration = 0800;
					};
					D00A2A261D7B773E00C1E1C0 = {
						CreatedOnToolsVersion = 7.3.1;
						LastSwiftMigration = 0800;
						TestTargetID = D00A2A0F1D7B773E00C1E1C0;
					};
					D00A2A311D7B773E00C1E1C0 = {
						CreatedOnToolsVersion = 7.3.1;
						LastSwiftMigration = 0800;
						TestTargetID = D00A2A0F1D7B773E00C1E1C0;
					};
				};
			};
			buildConfigurationList = D00A2A0B1D7B773E00C1E1C0 /* Build configuration list for PBXProject "Lottery" */;
			compatibilityVersion = "Xcode 3.2";
			developmentRegion = English;
			hasScannedForEncodings = 0;
			knownRegions = (
				en,
				Base,
			);
			mainGroup = D00A2A071D7B773E00C1E1C0;
			productRefGroup = D00A2A111D7B773E00C1E1C0 /* Products */;
			projectDirPath = "";
			projectRoot = "";
			targets = (
				D00A2A0F1D7B773E00C1E1C0 /* Lottery */,
				D00A2A261D7B773E00C1E1C0 /* LotteryTests */,
				D00A2A311D7B773E00C1E1C0 /* LotteryUITests */,
			);
		};
/* End PBXProject section */

/* Begin PBXResourcesBuildPhase section */
		D00A2A0E1D7B773E00C1E1C0 /* Resources */ = {
			isa = PBXResourcesBuildPhase;
			buildActionMask = 2147483647;
			files = (
				D00A2A211D7B773E00C1E1C0 /* LaunchScreen.storyboard in Resources */,
				D0E09D7D1D81A3CA00147A10 /* GoogleService-Info.plist in Resources */,
				D00A2A1E1D7B773E00C1E1C0 /* Assets.xcassets in Resources */,
				D00A2A191D7B773E00C1E1C0 /* Main.storyboard in Resources */,
			);
			runOnlyForDeploymentPostprocessing = 0;
		};
		D00A2A251D7B773E00C1E1C0 /* Resources */ = {
			isa = PBXResourcesBuildPhase;
			buildActionMask = 2147483647;
			files = (
			);
			runOnlyForDeploymentPostprocessing = 0;
		};
		D00A2A301D7B773E00C1E1C0 /* Resources */ = {
			isa = PBXResourcesBuildPhase;
			buildActionMask = 2147483647;
			files = (
			);
			runOnlyForDeploymentPostprocessing = 0;
		};
/* End PBXResourcesBuildPhase section */

/* Begin PBXShellScriptBuildPhase section */
		71DB4176F0500977E4309983 /* 📦 Check Pods Manifest.lock */ = {
			isa = PBXShellScriptBuildPhase;
			buildActionMask = 2147483647;
			files = (
			);
			inputPaths = (
			);
			name = "📦 Check Pods Manifest.lock";
			outputPaths = (
			);
			runOnlyForDeploymentPostprocessing = 0;
			shellPath = /bin/sh;
			shellScript = "diff \"${PODS_ROOT}/../Podfile.lock\" \"${PODS_ROOT}/Manifest.lock\" > /dev/null\nif [[ $? != 0 ]] ; then\n    cat << EOM\nerror: The sandbox is not in sync with the Podfile.lock. Run 'pod install' or update your CocoaPods installation.\nEOM\n    exit 1\nfi\n";
			showEnvVarsInLog = 0;
		};
		8413C5260BA1C39AA69B241A /* 📦 Embed Pods Frameworks */ = {
			isa = PBXShellScriptBuildPhase;
			buildActionMask = 2147483647;
			files = (
			);
			inputPaths = (
			);
			name = "📦 Embed Pods Frameworks";
			outputPaths = (
			);
			runOnlyForDeploymentPostprocessing = 0;
			shellPath = /bin/sh;
			shellScript = "\"${SRCROOT}/Pods/Target Support Files/Pods-Lottery/Pods-Lottery-frameworks.sh\"\n";
			showEnvVarsInLog = 0;
		};
		8F834F77508DCE9DA34DA0C6 /* 📦 Copy Pods Resources */ = {
			isa = PBXShellScriptBuildPhase;
			buildActionMask = 2147483647;
			files = (
			);
			inputPaths = (
			);
			name = "📦 Copy Pods Resources";
			outputPaths = (
			);
			runOnlyForDeploymentPostprocessing = 0;
			shellPath = /bin/sh;
			shellScript = "\"${SRCROOT}/Pods/Target Support Files/Pods-Lottery/Pods-Lottery-resources.sh\"\n";
			showEnvVarsInLog = 0;
		};
/* End PBXShellScriptBuildPhase section */

/* Begin PBXSourcesBuildPhase section */
		D00A2A0C1D7B773E00C1E1C0 /* Sources */ = {
			isa = PBXSourcesBuildPhase;
			buildActionMask = 2147483647;
			files = (
				D00A2A491D7E696700C1E1C0 /* GameViewController.swift in Sources */,
				D00A2A161D7B773E00C1E1C0 /* ViewController.swift in Sources */,
				D00A2A141D7B773E00C1E1C0 /* AppDelegate.swift in Sources */,
				D05347681D98D24100628586 /* LocationTableViewCell.swift in Sources */,
				D053476A1D99828900628586 /* SharedServices.swift in Sources */,
				D00A2A1C1D7B773E00C1E1C0 /* Lottery.xcdatamodeld in Sources */,
				D00A2A471D7E667000C1E1C0 /* GameTableViewCell.swift in Sources */,
				D05347641D98CE8900628586 /* NameTableViewCell.swift in Sources */,
				D0A156EE1D87B962006031BC /* K.swift in Sources */,
				D05347661D98CFDF00628586 /* SettingsViewController.swift in Sources */,
			);
			runOnlyForDeploymentPostprocessing = 0;
		};
		D00A2A231D7B773E00C1E1C0 /* Sources */ = {
			isa = PBXSourcesBuildPhase;
			buildActionMask = 2147483647;
			files = (
				D00A2A2C1D7B773E00C1E1C0 /* LotteryTests.swift in Sources */,
			);
			runOnlyForDeploymentPostprocessing = 0;
		};
		D00A2A2E1D7B773E00C1E1C0 /* Sources */ = {
			isa = PBXSourcesBuildPhase;
			buildActionMask = 2147483647;
			files = (
				D00A2A371D7B773E00C1E1C0 /* LotteryUITests.swift in Sources */,
			);
			runOnlyForDeploymentPostprocessing = 0;
		};
/* End PBXSourcesBuildPhase section */

/* Begin PBXTargetDependency section */
		D00A2A291D7B773E00C1E1C0 /* PBXTargetDependency */ = {
			isa = PBXTargetDependency;
			target = D00A2A0F1D7B773E00C1E1C0 /* Lottery */;
			targetProxy = D00A2A281D7B773E00C1E1C0 /* PBXContainerItemProxy */;
		};
		D00A2A341D7B773E00C1E1C0 /* PBXTargetDependency */ = {
			isa = PBXTargetDependency;
			target = D00A2A0F1D7B773E00C1E1C0 /* Lottery */;
			targetProxy = D00A2A331D7B773E00C1E1C0 /* PBXContainerItemProxy */;
		};
/* End PBXTargetDependency section */

/* Begin PBXVariantGroup section */
		D00A2A171D7B773E00C1E1C0 /* Main.storyboard */ = {
			isa = PBXVariantGroup;
			children = (
				D00A2A181D7B773E00C1E1C0 /* Base */,
			);
			name = Main.storyboard;
			sourceTree = "<group>";
		};
		D00A2A1F1D7B773E00C1E1C0 /* LaunchScreen.storyboard */ = {
			isa = PBXVariantGroup;
			children = (
				D00A2A201D7B773E00C1E1C0 /* Base */,
			);
			name = LaunchScreen.storyboard;
			sourceTree = "<group>";
		};
/* End PBXVariantGroup section */

/* Begin XCBuildConfiguration section */
		D00A2A391D7B773E00C1E1C0 /* Debug */ = {
			isa = XCBuildConfiguration;
			buildSettings = {
				ALWAYS_SEARCH_USER_PATHS = NO;
				CLANG_ANALYZER_NONNULL = YES;
				CLANG_CXX_LANGUAGE_STANDARD = "gnu++0x";
				CLANG_CXX_LIBRARY = "libc++";
				CLANG_ENABLE_MODULES = YES;
				CLANG_ENABLE_OBJC_ARC = YES;
				CLANG_WARN_BOOL_CONVERSION = YES;
				CLANG_WARN_CONSTANT_CONVERSION = YES;
				CLANG_WARN_DIRECT_OBJC_ISA_USAGE = YES_ERROR;
				CLANG_WARN_EMPTY_BODY = YES;
				CLANG_WARN_ENUM_CONVERSION = YES;
				CLANG_WARN_INFINITE_RECURSION = YES;
				CLANG_WARN_INT_CONVERSION = YES;
				CLANG_WARN_OBJC_ROOT_CLASS = YES_ERROR;
				CLANG_WARN_SUSPICIOUS_MOVE = YES;
				CLANG_WARN_UNREACHABLE_CODE = YES;
				CLANG_WARN__DUPLICATE_METHOD_MATCH = YES;
				"CODE_SIGN_IDENTITY[sdk=iphoneos*]" = "iPhone Developer";
				COPY_PHASE_STRIP = NO;
				DEBUG_INFORMATION_FORMAT = dwarf;
				ENABLE_STRICT_OBJC_MSGSEND = YES;
				ENABLE_TESTABILITY = YES;
				GCC_C_LANGUAGE_STANDARD = gnu99;
				GCC_DYNAMIC_NO_PIC = NO;
				GCC_NO_COMMON_BLOCKS = YES;
				GCC_OPTIMIZATION_LEVEL = 0;
				GCC_PREPROCESSOR_DEFINITIONS = (
					"DEBUG=1",
					"$(inherited)",
				);
				GCC_WARN_64_TO_32_BIT_CONVERSION = YES;
				GCC_WARN_ABOUT_RETURN_TYPE = YES_ERROR;
				GCC_WARN_UNDECLARED_SELECTOR = YES;
				GCC_WARN_UNINITIALIZED_AUTOS = YES_AGGRESSIVE;
				GCC_WARN_UNUSED_FUNCTION = YES;
				GCC_WARN_UNUSED_VARIABLE = YES;
				IPHONEOS_DEPLOYMENT_TARGET = 9.3;
				MTL_ENABLE_DEBUG_INFO = YES;
				ONLY_ACTIVE_ARCH = YES;
				SDKROOT = iphoneos;
				SWIFT_OPTIMIZATION_LEVEL = "-Onone";
				TARGETED_DEVICE_FAMILY = "1,2";
			};
			name = Debug;
		};
		D00A2A3A1D7B773E00C1E1C0 /* Release */ = {
			isa = XCBuildConfiguration;
			buildSettings = {
				ALWAYS_SEARCH_USER_PATHS = NO;
				CLANG_ANALYZER_NONNULL = YES;
				CLANG_CXX_LANGUAGE_STANDARD = "gnu++0x";
				CLANG_CXX_LIBRARY = "libc++";
				CLANG_ENABLE_MODULES = YES;
				CLANG_ENABLE_OBJC_ARC = YES;
				CLANG_WARN_BOOL_CONVERSION = YES;
				CLANG_WARN_CONSTANT_CONVERSION = YES;
				CLANG_WARN_DIRECT_OBJC_ISA_USAGE = YES_ERROR;
				CLANG_WARN_EMPTY_BODY = YES;
				CLANG_WARN_ENUM_CONVERSION = YES;
				CLANG_WARN_INFINITE_RECURSION = YES;
				CLANG_WARN_INT_CONVERSION = YES;
				CLANG_WARN_OBJC_ROOT_CLASS = YES_ERROR;
				CLANG_WARN_SUSPICIOUS_MOVE = YES;
				CLANG_WARN_UNREACHABLE_CODE = YES;
				CLANG_WARN__DUPLICATE_METHOD_MATCH = YES;
				"CODE_SIGN_IDENTITY[sdk=iphoneos*]" = "iPhone Developer";
				COPY_PHASE_STRIP = NO;
				DEBUG_INFORMATION_FORMAT = "dwarf-with-dsym";
				ENABLE_NS_ASSERTIONS = NO;
				ENABLE_STRICT_OBJC_MSGSEND = YES;
				GCC_C_LANGUAGE_STANDARD = gnu99;
				GCC_NO_COMMON_BLOCKS = YES;
				GCC_WARN_64_TO_32_BIT_CONVERSION = YES;
				GCC_WARN_ABOUT_RETURN_TYPE = YES_ERROR;
				GCC_WARN_UNDECLARED_SELECTOR = YES;
				GCC_WARN_UNINITIALIZED_AUTOS = YES_AGGRESSIVE;
				GCC_WARN_UNUSED_FUNCTION = YES;
				GCC_WARN_UNUSED_VARIABLE = YES;
				IPHONEOS_DEPLOYMENT_TARGET = 9.3;
				MTL_ENABLE_DEBUG_INFO = NO;
				SDKROOT = iphoneos;
				SWIFT_OPTIMIZATION_LEVEL = "-Owholemodule";
				TARGETED_DEVICE_FAMILY = "1,2";
				VALIDATE_PRODUCT = YES;
			};
			name = Release;
		};
		D00A2A3C1D7B773E00C1E1C0 /* Debug */ = {
			isa = XCBuildConfiguration;
			baseConfigurationReference = 5B1744E8912AC7C3AC755332 /* Pods-Lottery.debug.xcconfig */;
			buildSettings = {
				ALWAYS_EMBED_SWIFT_STANDARD_LIBRARIES = YES;
				ASSETCATALOG_COMPILER_APPICON_NAME = AppIcon;
				INFOPLIST_FILE = Lottery/Info.plist;
				LD_RUNPATH_SEARCH_PATHS = "$(inherited) @executable_path/Frameworks";
				PRODUCT_BUNDLE_IDENTIFIER = "Four-Bays-Consulting-Group.Lottery";
				PRODUCT_NAME = "$(TARGET_NAME)";
				SWIFT_VERSION = 3.0;
			};
			name = Debug;
		};
		D00A2A3D1D7B773E00C1E1C0 /* Release */ = {
			isa = XCBuildConfiguration;
			baseConfigurationReference = D4EA2733F99C75E137F78336 /* Pods-Lottery.release.xcconfig */;
			buildSettings = {
				ALWAYS_EMBED_SWIFT_STANDARD_LIBRARIES = YES;
				ASSETCATALOG_COMPILER_APPICON_NAME = AppIcon;
				INFOPLIST_FILE = Lottery/Info.plist;
				LD_RUNPATH_SEARCH_PATHS = "$(inherited) @executable_path/Frameworks";
				PRODUCT_BUNDLE_IDENTIFIER = "Four-Bays-Consulting-Group.Lottery";
				PRODUCT_NAME = "$(TARGET_NAME)";
				SWIFT_VERSION = 3.0;
			};
			name = Release;
		};
		D00A2A3F1D7B773E00C1E1C0 /* Debug */ = {
			isa = XCBuildConfiguration;
			buildSettings = {
				BUNDLE_LOADER = "$(TEST_HOST)";
				INFOPLIST_FILE = LotteryTests/Info.plist;
				LD_RUNPATH_SEARCH_PATHS = "$(inherited) @executable_path/Frameworks @loader_path/Frameworks";
				PRODUCT_BUNDLE_IDENTIFIER = "Four-Bays-Consulting-Group.LotteryTests";
				PRODUCT_NAME = "$(TARGET_NAME)";
				SWIFT_VERSION = 3.0;
				TEST_HOST = "$(BUILT_PRODUCTS_DIR)/Lottery.app/Lottery";
			};
			name = Debug;
		};
		D00A2A401D7B773E00C1E1C0 /* Release */ = {
			isa = XCBuildConfiguration;
			buildSettings = {
				BUNDLE_LOADER = "$(TEST_HOST)";
				INFOPLIST_FILE = LotteryTests/Info.plist;
				LD_RUNPATH_SEARCH_PATHS = "$(inherited) @executable_path/Frameworks @loader_path/Frameworks";
				PRODUCT_BUNDLE_IDENTIFIER = "Four-Bays-Consulting-Group.LotteryTests";
				PRODUCT_NAME = "$(TARGET_NAME)";
				SWIFT_VERSION = 3.0;
				TEST_HOST = "$(BUILT_PRODUCTS_DIR)/Lottery.app/Lottery";
			};
			name = Release;
		};
		D00A2A421D7B773E00C1E1C0 /* Debug */ = {
			isa = XCBuildConfiguration;
			buildSettings = {
				INFOPLIST_FILE = LotteryUITests/Info.plist;
				LD_RUNPATH_SEARCH_PATHS = "$(inherited) @executable_path/Frameworks @loader_path/Frameworks";
				PRODUCT_BUNDLE_IDENTIFIER = "Four-Bays-Consulting-Group.LotteryUITests";
				PRODUCT_NAME = "$(TARGET_NAME)";
				SWIFT_VERSION = 3.0;
				TEST_TARGET_NAME = Lottery;
			};
			name = Debug;
		};
		D00A2A431D7B773E00C1E1C0 /* Release */ = {
			isa = XCBuildConfiguration;
			buildSettings = {
				INFOPLIST_FILE = LotteryUITests/Info.plist;
				LD_RUNPATH_SEARCH_PATHS = "$(inherited) @executable_path/Frameworks @loader_path/Frameworks";
				PRODUCT_BUNDLE_IDENTIFIER = "Four-Bays-Consulting-Group.LotteryUITests";
				PRODUCT_NAME = "$(TARGET_NAME)";
				SWIFT_VERSION = 3.0;
				TEST_TARGET_NAME = Lottery;
			};
			name = Release;
		};
/* End XCBuildConfiguration section */

/* Begin XCConfigurationList section */
		D00A2A0B1D7B773E00C1E1C0 /* Build configuration list for PBXProject "Lottery" */ = {
			isa = XCConfigurationList;
			buildConfigurations = (
				D00A2A391D7B773E00C1E1C0 /* Debug */,
				D00A2A3A1D7B773E00C1E1C0 /* Release */,
			);
			defaultConfigurationIsVisible = 0;
			defaultConfigurationName = Release;
		};
		D00A2A3B1D7B773E00C1E1C0 /* Build configuration list for PBXNativeTarget "Lottery" */ = {
			isa = XCConfigurationList;
			buildConfigurations = (
				D00A2A3C1D7B773E00C1E1C0 /* Debug */,
				D00A2A3D1D7B773E00C1E1C0 /* Release */,
			);
			defaultConfigurationIsVisible = 0;
			defaultConfigurationName = Release;
		};
		D00A2A3E1D7B773E00C1E1C0 /* Build configuration list for PBXNativeTarget "LotteryTests" */ = {
			isa = XCConfigurationList;
			buildConfigurations = (
				D00A2A3F1D7B773E00C1E1C0 /* Debug */,
				D00A2A401D7B773E00C1E1C0 /* Release */,
			);
			defaultConfigurationIsVisible = 0;
			defaultConfigurationName = Release;
		};
		D00A2A411D7B773E00C1E1C0 /* Build configuration list for PBXNativeTarget "LotteryUITests" */ = {
			isa = XCConfigurationList;
			buildConfigurations = (
				D00A2A421D7B773E00C1E1C0 /* Debug */,
				D00A2A431D7B773E00C1E1C0 /* Release */,
			);
			defaultConfigurationIsVisible = 0;
			defaultConfigurationName = Release;
		};
/* End XCConfigurationList section */

/* Begin XCVersionGroup section */
		D00A2A1A1D7B773E00C1E1C0 /* Lottery.xcdatamodeld */ = {
			isa = XCVersionGroup;
			children = (
				D00A2A1B1D7B773E00C1E1C0 /* Lottery.xcdatamodel */,
			);
			currentVersion = D00A2A1B1D7B773E00C1E1C0 /* Lottery.xcdatamodel */;
			path = Lottery.xcdatamodeld;
			sourceTree = "<group>";
			versionGroupType = wrapper.xcdatamodel;
		};
/* End XCVersionGroup section */
	};
	rootObject = D00A2A081D7B773E00C1E1C0 /* Project object */;
}
